
Microsoft Visual Studio Solution File, Format Version 12.00
# Visual Studio 15
VisualStudioVersion = 15.0.28010.2003
MinimumVisualStudioVersion = 10.0.40219.1
Project("{FAE04EC0-301F-11D3-BF4B-00C04F79EFBC}") = "TcpListener WPF", "TcpListener WPF\TcpListener WPF.csproj", "{69E76DC2-2012-4329-8D2A-CF64F4BDE3FE}"
EndProject
Global
	GlobalSection(SolutionConfigurationPlatforms) = preSolution
		Debug|Any CPU = Debug|Any CPU
		Release|Any CPU = Release|Any CPU
	EndGlobalSection
	GlobalSection(ProjectConfigurationPlatforms) = postSolution
		{69E76DC2-2012-4329-8D2A-CF64F4BDE3FE}.Debug|Any CPU.ActiveCfg = Debug|Any CPU
		{69E76DC2-2012-4329-8D2A-CF64F4BDE3FE}.Debug|Any CPU.Build.0 = Debug|Any CPU
		{69E76DC2-2012-4329-8D2A-CF64F4BDE3FE}.Release|Any CPU.ActiveCfg = Release|Any CPU
		{69E76DC2-2012-4329-8D2A-CF64F4BDE3FE}.Release|Any CPU.Build.0 = Release|Any CPU
	EndGlobalSection
	GlobalSection(SolutionProperties) = preSolution
		HideSolutionNode = FALSE
	EndGlobalSection
	GlobalSection(ExtensibilityGlobals) = postSolution
		SolutionGuid = {6288AA9F-FA1F-46AD-AD26-37C7322692A5}
	EndGlobalSection
EndGlobal
