
Microsoft Visual Studio Solution File, Format Version 12.00
# Visual Studio 15
VisualStudioVersion = 15.0.28010.2026
MinimumVisualStudioVersion = 10.0.40219.1
Project("{FAE04EC0-301F-11D3-BF4B-00C04F79EFBC}") = "Server", "Server\Server.csproj", "{33E7FB16-B90A-4DC4-ACB0-2AC6D6C400DF}"
EndProject
Global
	GlobalSection(SolutionConfigurationPlatforms) = preSolution
		Debug|Any CPU = Debug|Any CPU
		Release|Any CPU = Release|Any CPU
	EndGlobalSection
	GlobalSection(ProjectConfigurationPlatforms) = postSolution
		{33E7FB16-B90A-4DC4-ACB0-2AC6D6C400DF}.Debug|Any CPU.ActiveCfg = Debug|Any CPU
		{33E7FB16-B90A-4DC4-ACB0-2AC6D6C400DF}.Debug|Any CPU.Build.0 = Debug|Any CPU
		{33E7FB16-B90A-4DC4-ACB0-2AC6D6C400DF}.Release|Any CPU.ActiveCfg = Release|Any CPU
		{33E7FB16-B90A-4DC4-ACB0-2AC6D6C400DF}.Release|Any CPU.Build.0 = Release|Any CPU
	EndGlobalSection
	GlobalSection(SolutionProperties) = preSolution
		HideSolutionNode = FALSE
	EndGlobalSection
	GlobalSection(ExtensibilityGlobals) = postSolution
		SolutionGuid = {4898E11C-FB7F-4EA4-AAB8-87794376579F}
	EndGlobalSection
EndGlobal
